<Solution>
  <Folder Name="/evaluation/">
    <Project Path="evaluation/Mem0Sharp.Evaluation/Mem0Sharp.Evaluation.csproj" />
  </Folder>
  <Folder Name="/samples/">
    <Project Path="samples/AgentFrameworkMemory/AgentFrameworkMemory.csproj" />
    <Project Path="samples/GettingStarted/GettingStarted.csproj" />
    <Project Path="samples/McpServer/McpServer.csproj" />
    <Project Path="samples/MemoryBehaviors/MemoryBehaviors.csproj" />
    <Project Path="samples/MultiAgentGroupChat/MultiAgentGroupChat.csproj" />
    <Project Path="samples/Ollama/Ollama.csproj" />
    <Project Path="samples/OnnxLocal/OnnxLocal.csproj" />
    <Project Path="samples/VectorDataPostgres/VectorDataPostgres.csproj" />
    <Project Path="samples/VectorDataSqlite/VectorDataSqlite.csproj" />
  </Folder>
  <Folder Name="/src/" />
  <Folder Name="/tests/">
    <Project Path="tests/Mem0Sharp.NetStandard.Tests/Mem0Sharp.NetStandard.Tests.csproj" />
    <Project Path="tests/Mem0Sharp.Tests/Mem0Sharp.Tests.csproj" />
  </Folder>
  <Project Path="samples/3DSpatialMemoryGodot/Mem0Sharp-Spatial-Memory.csproj">
    <BuildType Project="Debug" />
  </Project>
  <Project Path="src/Mem0Sharp/Mem0Sharp.csproj" />
</Solution>
